{
  "R": {
    "Version": "4.2.2",
    "Repositories": [
      {
        "Name": "CRAN",
        "URL": "https://cloud.r-project.org"
      },
      {
        "Name": "dhersz",
        "URL": "https://dhersz.r-universe.dev"
      },
      {
        "Name": "ipeagit",
        "URL": "https://ipeagit.r-universe.dev"
      }
    ]
  },
  "Packages": {
    "DBI": {
      "Package": "DBI",
      "Version": "1.1.3",
      "Source": "Repository",
      "Repository": "CRAN",
      "Hash": "b2866e62bab9378c3cc9476a1954226b",
      "Requirements": []
    },
    "KernSmooth": {
      "Package": "KernSmooth",
      "Version": "2.23-20",
      "Source": "Repository",
      "Repository": "CRAN",
      "Hash": "8dcfa99b14c296bc9f1fd64d52fd3ce7",
      "Requirements": []
    },
    "MASS": {
      "Package": "MASS",
      "Version": "7.3-58.1",
      "Source": "Repository",
      "Repository": "CRAN",
      "Hash": "762e1804143a332333c054759f89a706",
      "Requirements": []
    },
    "Matrix": {
      "Package": "Matrix",
      "Version": "1.5-1",
      "Source": "Repository",
      "Repository": "CRAN",
      "Hash": "539dc0c0c05636812f1080f473d2c177",
      "Requirements": [
        "lattice"
      ]
    },
    "PROJ": {
      "Package": "PROJ",
      "Version": "0.4.0",
      "Source": "Repository",
      "Repository": "CRAN",
      "Hash": "fa50a399b8c887285a1a02c748a4bfe8",
      "Requirements": []
    },
    "R6": {
      "Package": "R6",
      "Version": "2.5.1",
      "Source": "Repository",
      "Repository": "CRAN",
      "Hash": "470851b6d5d0ac559e9d01bb352b4021",
      "Requirements": []
    },
    "RColorBrewer": {
      "Package": "RColorBrewer",
      "Version": "1.1-3",
      "Source": "Repository",
      "Repository": "CRAN",
      "Hash": "45f0398006e83a5b10b72a90663d8d8c",
      "Requirements": []
    },
    "Rcpp": {
      "Package": "Rcpp",
      "Version": "1.0.10",
      "Source": "Repository",
      "Repository": "CRAN",
      "Hash": "e749cae40fa9ef469b6050959517453c",
      "Requirements": []
    },
    "RcppEigen": {
      "Package": "RcppEigen",
      "Version": "0.3.3.9.3",
      "Source": "Repository",
      "Repository": "CRAN",
      "Hash": "1e035db628cefb315c571202d70202fe",
      "Requirements": [
        "Matrix",
        "Rcpp"
      ]
    },
    "RcppParallel": {
      "Package": "RcppParallel",
      "Version": "5.1.6",
      "Source": "Repository",
      "Repository": "CRAN",
      "Hash": "9d930f5e12e075d57965f46503a1f9b1",
      "Requirements": []
    },
    "RcppTOML": {
      "Package": "RcppTOML",
      "Version": "0.2.1",
      "Source": "Repository",
      "Repository": "CRAN",
      "Hash": "c41921872ee565ed7eb7d606874b39ed",
      "Requirements": [
        "Rcpp"
      ]
    },
    "RcppThread": {
      "Package": "RcppThread",
      "Version": "2.1.3",
      "Source": "Repository",
      "Repository": "CRAN",
      "Hash": "cfa585071a4d213d6cd1b1efab1e3150",
      "Requirements": []
    },
    "RgoogleMaps": {
      "Package": "RgoogleMaps",
      "Version": "1.4.5.3",
      "Source": "Repository",
      "Repository": "CRAN",
      "Hash": "bffdcd07380ea0a95228588f8aa93734",
      "Requirements": [
        "png",
        "sp"
      ]
    },
    "V8": {
      "Package": "V8",
      "Version": "4.2.2",
      "Source": "Repository",
      "Repository": "CRAN",
      "Hash": "ebee37dadb0a8f5086663825d2c33076",
      "Requirements": [
        "Rcpp",
        "curl",
        "jsonlite"
      ]
    },
    "askpass": {
      "Package": "askpass",
      "Version": "1.1",
      "Source": "Repository",
      "Repository": "CRAN",
      "Hash": "e8a22846fff485f0be3770c2da758713",
      "Requirements": [
        "sys"
      ]
    },
    "backports": {
      "Package": "backports",
      "Version": "1.4.1",
      "Source": "Repository",
      "Repository": "CRAN",
      "Hash": "c39fbec8a30d23e721980b8afb31984c",
      "Requirements": []
    },
    "base64url": {
      "Package": "base64url",
      "Version": "1.4",
      "Source": "Repository",
      "Repository": "CRAN",
      "Hash": "0c54cf3a08cc0e550fbd64ad33166143",
      "Requirements": [
        "backports"
      ]
    },
    "bitops": {
      "Package": "bitops",
      "Version": "1.0-7",
      "Source": "Repository",
      "Repository": "CRAN",
      "Hash": "b7d8d8ee39869c18d8846a184dd8a1af",
      "Requirements": []
    },
    "callr": {
      "Package": "callr",
      "Version": "3.7.3",
      "Source": "Repository",
      "Repository": "CRAN",
      "Hash": "9b2191ede20fa29828139b9900922e51",
      "Requirements": [
        "R6",
        "processx"
      ]
    },
    "checkmate": {
      "Package": "checkmate",
      "Version": "2.1.0",
      "Source": "Repository",
      "Repository": "CRAN",
      "Hash": "147e4db6909d8814bb30f671b49d7e06",
      "Requirements": [
        "backports"
      ]
    },
    "class": {
      "Package": "class",
      "Version": "7.3-20",
      "Source": "Repository",
      "Repository": "CRAN",
      "Hash": "da09d82223e669d270e47ed24ac8686e",
      "Requirements": [
        "MASS"
      ]
    },
    "classInt": {
      "Package": "classInt",
      "Version": "0.4-8",
      "Source": "Repository",
      "Repository": "CRAN",
      "Hash": "298fa500d773db0845935cd73bfd9c2e",
      "Requirements": [
        "KernSmooth",
        "class",
        "e1071"
      ]
    },
    "cli": {
      "Package": "cli",
      "Version": "3.6.0",
      "Source": "Repository",
      "Repository": "CRAN",
      "Hash": "3177a5a16c243adc199ba33117bd9657",
      "Requirements": []
    },
    "codetools": {
      "Package": "codetools",
      "Version": "0.2-18",
      "Source": "Repository",
      "Repository": "CRAN",
      "Hash": "019388fc48e48b3da0d3a76ff94608a8",
      "Requirements": []
    },
    "colorspace": {
      "Package": "colorspace",
      "Version": "2.1-0",
      "Source": "Repository",
      "Repository": "CRAN",
      "Hash": "f20c47fd52fae58b4e377c37bb8c335b",
      "Requirements": []
    },
    "cpp11": {
      "Package": "cpp11",
      "Version": "0.4.3",
      "Source": "Repository",
      "Repository": "CRAN",
      "Hash": "ed588261931ee3be2c700d22e94a29ab",
      "Requirements": []
    },
    "crsmeta": {
      "Package": "crsmeta",
      "Version": "0.3.0",
      "Source": "Repository",
      "Repository": "CRAN",
      "Hash": "76ad515a0acb138c0e93f017c7aefd11",
      "Requirements": []
    },
    "curl": {
      "Package": "curl",
      "Version": "5.0.0",
      "Source": "Repository",
      "Repository": "CRAN",
      "Hash": "e4f97056611e8e6b8b852d13b7400cf1",
      "Requirements": []
    },
    "data.table": {
      "Package": "data.table",
      "Version": "1.14.6",
      "Source": "Repository",
      "Repository": "CRAN",
      "Hash": "aecef50008ea7b57c76f1cb5c127fb02",
      "Requirements": []
    },
    "deldir": {
      "Package": "deldir",
      "Version": "1.0-6",
      "Source": "Repository",
      "Repository": "CRAN",
      "Hash": "65a3d4e2a1619bb85ae0fb64628da972",
      "Requirements": []
    },
    "digest": {
      "Package": "digest",
      "Version": "0.6.31",
      "Source": "Repository",
      "Repository": "CRAN",
      "Hash": "8b708f296afd9ae69f450f9640be8990",
      "Requirements": []
    },
    "dodgr": {
      "Package": "dodgr",
      "Version": "0.2.19",
      "Source": "Repository",
      "Repository": "CRAN",
      "Hash": "e57f460e443c1922ebc24002b67d682d",
      "Requirements": [
        "Rcpp",
        "RcppParallel",
        "RcppThread",
        "callr",
        "digest",
        "fs",
        "magrittr",
        "osmdata"
      ]
    },
    "dplyr": {
      "Package": "dplyr",
      "Version": "1.0.10",
      "Source": "Repository",
      "Repository": "CRAN",
      "Hash": "539412282059f7f0c07295723d23f987",
      "Requirements": [
        "R6",
        "generics",
        "glue",
        "lifecycle",
        "magrittr",
        "pillar",
        "rlang",
        "tibble",
        "tidyselect",
        "vctrs"
      ]
    },
    "e1071": {
      "Package": "e1071",
      "Version": "1.7-12",
      "Source": "Repository",
      "Repository": "CRAN",
      "Hash": "0d776df7577206e100c2c4b508208b10",
      "Requirements": [
        "class",
        "proxy"
      ]
    },
    "edgebundle": {
      "Package": "edgebundle",
      "Version": "0.4.1",
      "Source": "Repository",
      "Repository": "CRAN",
      "Hash": "c88237ef66df43f39b9c4f50333c2e61",
      "Requirements": [
        "Rcpp",
        "igraph",
        "interp",
        "reticulate"
      ]
    },
    "evaluate": {
      "Package": "evaluate",
      "Version": "0.20",
      "Source": "Repository",
      "Repository": "CRAN",
      "Hash": "4b68aa51edd89a0e044a66e75ae3cc6c",
      "Requirements": []
    },
    "fansi": {
      "Package": "fansi",
      "Version": "1.0.4",
      "Source": "Repository",
      "Repository": "CRAN",
      "Hash": "1d9e7ad3c8312a192dea7d3db0274fde",
      "Requirements": []
    },
    "farver": {
      "Package": "farver",
      "Version": "2.1.1",
      "Source": "Repository",
      "Repository": "CRAN",
      "Hash": "8106d78941f34855c440ddb946b8f7a5",
      "Requirements": []
    },
    "foreign": {
      "Package": "foreign",
      "Version": "0.8-83",
      "Source": "Repository",
      "Repository": "CRAN",
      "Hash": "4e43a8846712a6d5991b19b9bd5f9199",
      "Requirements": []
    },
    "fs": {
      "Package": "fs",
      "Version": "1.6.0",
      "Source": "Repository",
      "Repository": "CRAN",
      "Hash": "0120e8c933bace1141e0b0d376b0c010",
      "Requirements": []
    },
    "furrr": {
      "Package": "furrr",
      "Version": "0.3.1",
      "Source": "Repository",
      "Repository": "CRAN",
      "Hash": "da7a4c32196cb2262a41dd5a25d486ff",
      "Requirements": [
        "future",
        "globals",
        "lifecycle",
        "purrr",
        "rlang",
        "vctrs"
      ]
    },
    "future": {
      "Package": "future",
      "Version": "1.30.0",
      "Source": "Repository",
      "Repository": "CRAN",
      "Hash": "d8a0dcbc9350c1e40edc644611d1ee15",
      "Requirements": [
        "digest",
        "globals",
        "listenv",
        "parallelly"
      ]
    },
    "generics": {
      "Package": "generics",
      "Version": "0.1.3",
      "Source": "Repository",
      "Repository": "CRAN",
      "Hash": "15e9634c0fcd294799e9b2e929ed1b86",
      "Requirements": []
    },
    "geojsonsf": {
      "Package": "geojsonsf",
      "Version": "2.0.3",
      "Source": "Repository",
      "Repository": "CRAN",
      "Hash": "8d077646c6713838233e8710910ef92e",
      "Requirements": [
        "Rcpp",
        "geometries",
        "jsonify",
        "rapidjsonr",
        "sfheaders"
      ]
    },
    "geometries": {
      "Package": "geometries",
      "Version": "0.2.0",
      "Source": "Repository",
      "Repository": "CRAN",
      "Hash": "be29054e97e756ade56d13a89c6d5243",
      "Requirements": [
        "Rcpp"
      ]
    },
    "ggmap": {
      "Package": "ggmap",
      "Version": "3.0.1",
      "Source": "Repository",
      "Repository": "CRAN",
      "Hash": "c4e0c8c8576ef44121a7447fb6958627",
      "Requirements": [
        "RgoogleMaps",
        "bitops",
        "cli",
        "digest",
        "dplyr",
        "ggplot2",
        "glue",
        "httr",
        "jpeg",
        "magrittr",
        "plyr",
        "png",
        "purrr",
        "rlang",
        "scales",
        "stringr",
        "tibble",
        "tidyr"
      ]
    },
    "ggplot2": {
      "Package": "ggplot2",
      "Version": "3.4.0",
      "Source": "Repository",
      "Repository": "CRAN",
      "Hash": "fd2aab12f54400c6bca43687231e246b",
      "Requirements": [
        "MASS",
        "cli",
        "glue",
        "gtable",
        "isoband",
        "lifecycle",
        "mgcv",
        "rlang",
        "scales",
        "tibble",
        "vctrs",
        "withr"
      ]
    },
    "ggsn": {
      "Package": "ggsn",
      "Version": "0.5.0",
      "Source": "Repository",
      "Repository": "CRAN",
      "Hash": "e016f35004af138ad9bc0a092395ca06",
      "Requirements": [
        "ggmap",
        "ggplot2",
        "maptools",
        "png",
        "sf"
      ]
    },
    "globals": {
      "Package": "globals",
      "Version": "0.16.2",
      "Source": "Repository",
      "Repository": "CRAN",
      "Hash": "baa9585ab4ce47a9f4618e671778cc6f",
      "Requirements": [
        "codetools"
      ]
    },
    "glue": {
      "Package": "glue",
      "Version": "1.6.2",
      "Source": "Repository",
      "Repository": "CRAN",
      "Hash": "4f2596dfb05dac67b9dc558e5c6fba2e",
      "Requirements": []
    },
    "gtable": {
      "Package": "gtable",
      "Version": "0.3.1",
      "Source": "Repository",
      "Repository": "CRAN",
      "Hash": "36b4265fb818f6a342bed217549cd896",
      "Requirements": []
    },
    "h3jsr": {
      "Package": "h3jsr",
      "Version": "1.3.1",
      "Source": "Repository",
      "Repository": "CRAN",
      "Hash": "5c33af045258a4bb370bbc5fd0a5142b",
      "Requirements": [
        "V8",
        "geojsonsf",
        "sf",
        "tidyr"
      ]
    },
    "here": {
      "Package": "here",
      "Version": "1.0.1",
      "Source": "Repository",
      "Repository": "CRAN",
      "Hash": "24b224366f9c2e7534d2344d10d59211",
      "Requirements": [
        "rprojroot"
      ]
    },
    "highr": {
      "Package": "highr",
      "Version": "0.10",
      "Source": "Repository",
      "Repository": "CRAN",
      "Hash": "06230136b2d2b9ba5805e1963fa6e890",
      "Requirements": [
        "xfun"
      ]
    },
    "httr": {
      "Package": "httr",
      "Version": "1.4.4",
      "Source": "Repository",
      "Repository": "CRAN",
      "Hash": "57557fac46471f0dbbf44705cc6a5c8c",
      "Requirements": [
        "R6",
        "curl",
        "jsonlite",
        "mime",
        "openssl"
      ]
    },
    "httr2": {
      "Package": "httr2",
      "Version": "0.2.2",
      "Source": "Repository",
      "Repository": "CRAN",
      "Hash": "5c09fe33064978ede54de42309c8b532",
      "Requirements": [
        "R6",
        "cli",
        "curl",
        "glue",
        "magrittr",
        "openssl",
        "rappdirs",
        "rlang",
        "withr"
      ]
    },
    "igraph": {
      "Package": "igraph",
      "Version": "1.3.5",
      "Source": "Repository",
      "Repository": "CRAN",
      "Hash": "132b06d7060f11ba8b4c7e7f385e9b7a",
      "Requirements": [
        "Matrix",
        "magrittr",
        "pkgconfig",
        "rlang"
      ]
    },
    "interp": {
      "Package": "interp",
      "Version": "1.1-3",
      "Source": "Repository",
      "Repository": "CRAN",
      "Hash": "593dde779b230c60c4b589fd306bcd3e",
      "Requirements": [
        "Rcpp",
        "RcppEigen",
        "deldir"
      ]
    },
    "isoband": {
      "Package": "isoband",
      "Version": "0.2.7",
      "Source": "Repository",
      "Repository": "CRAN",
      "Hash": "0080607b4a1a7b28979aecef976d8bc2",
      "Requirements": []
    },
    "jpeg": {
      "Package": "jpeg",
      "Version": "0.1-10",
      "Source": "Repository",
      "Repository": "CRAN",
      "Hash": "031a0b683d001a7519202f0628fc0358",
      "Requirements": []
    },
    "jsonify": {
      "Package": "jsonify",
      "Version": "1.2.2",
      "Source": "Repository",
      "Repository": "CRAN",
      "Hash": "49a9775e4f8c96c654b6018739067055",
      "Requirements": [
        "Rcpp",
        "rapidjsonr"
      ]
    },
    "jsonlite": {
      "Package": "jsonlite",
      "Version": "1.8.4",
      "Source": "Repository",
      "Repository": "CRAN",
      "Hash": "a4269a09a9b865579b2635c77e572374",
      "Requirements": []
    },
    "knitr": {
      "Package": "knitr",
      "Version": "1.42",
      "Source": "Repository",
      "Repository": "CRAN",
      "Hash": "8329a9bcc82943c8069104d4be3ee22d",
      "Requirements": [
        "evaluate",
        "highr",
        "xfun",
        "yaml"
      ]
    },
    "labeling": {
      "Package": "labeling",
      "Version": "0.4.2",
      "Source": "Repository",
      "Repository": "CRAN",
      "Hash": "3d5108641f47470611a32d0bdf357a72",
      "Requirements": []
    },
    "lattice": {
      "Package": "lattice",
      "Version": "0.20-45",
      "Source": "Repository",
      "Repository": "CRAN",
      "Hash": "b64cdbb2b340437c4ee047a1f4c4377b",
      "Requirements": []
    },
    "lifecycle": {
      "Package": "lifecycle",
      "Version": "1.0.3",
      "Source": "Repository",
      "Repository": "CRAN",
      "Hash": "001cecbeac1cff9301bdc3775ee46a86",
      "Requirements": [
        "cli",
        "glue",
        "rlang"
      ]
    },
    "listenv": {
      "Package": "listenv",
      "Version": "0.9.0",
      "Source": "Repository",
      "Repository": "CRAN",
      "Hash": "4fbd3679ec8ee169ba28d4b1ea7d0e8f",
      "Requirements": []
    },
    "lubridate": {
      "Package": "lubridate",
      "Version": "1.9.1",
      "Source": "Repository",
      "Repository": "CRAN",
      "Hash": "88ad585eb49669b7f2db3f5ef3c8307d",
      "Requirements": [
        "generics",
        "timechange"
      ]
    },
    "magrittr": {
      "Package": "magrittr",
      "Version": "2.0.3",
      "Source": "Repository",
      "Repository": "CRAN",
      "Hash": "7ce2733a9826b3aeb1775d56fd305472",
      "Requirements": []
    },
    "maptools": {
      "Package": "maptools",
      "Version": "1.1-6",
      "Source": "Repository",
      "Repository": "CRAN",
      "Hash": "cd65b7fe71f03fca368a1e93db5ed91b",
      "Requirements": [
        "foreign",
        "lattice",
        "sp"
      ]
    },
    "mgcv": {
      "Package": "mgcv",
      "Version": "1.8-41",
      "Source": "Repository",
      "Repository": "CRAN",
      "Hash": "6b3904f13346742caa3e82dd0303d4ad",
      "Requirements": [
        "Matrix",
        "nlme"
      ]
    },
    "mime": {
      "Package": "mime",
      "Version": "0.12",
      "Source": "Repository",
      "Repository": "CRAN",
      "Hash": "18e9c28c1d3ca1560ce30658b22ce104",
      "Requirements": []
    },
    "munsell": {
      "Package": "munsell",
      "Version": "0.5.0",
      "Source": "Repository",
      "Repository": "CRAN",
      "Hash": "6dfe8bf774944bd5595785e3229d8771",
      "Requirements": [
        "colorspace"
      ]
    },
    "nlme": {
      "Package": "nlme",
      "Version": "3.1-160",
      "Source": "Repository",
      "Repository": "CRAN",
      "Hash": "02e3c6e7df163aafa8477225e6827bc5",
      "Requirements": [
        "lattice"
      ]
    },
    "openssl": {
      "Package": "openssl",
      "Version": "2.0.5",
      "Source": "Repository",
      "Repository": "CRAN",
      "Hash": "b04c27110bf367b4daa93f34f3d58e75",
      "Requirements": [
        "askpass"
      ]
    },
    "osmdata": {
      "Package": "osmdata",
      "Version": "0.1.10",
      "Source": "Repository",
      "Repository": "CRAN",
      "Hash": "d9f2f310f45a2e061976546fb864a8bc",
      "Requirements": [
        "Rcpp",
        "curl",
        "httr2",
        "lubridate",
        "magrittr",
        "reproj",
        "rvest",
        "sp",
        "tibble",
        "xml2"
      ]
    },
    "parallelly": {
      "Package": "parallelly",
      "Version": "1.34.0",
      "Source": "Repository",
      "Repository": "CRAN",
      "Hash": "2a795ec0ddbfe465ca0d6471039631bf",
      "Requirements": []
    },
    "pillar": {
      "Package": "pillar",
      "Version": "1.8.1",
      "Source": "Repository",
      "Repository": "CRAN",
      "Hash": "f2316df30902c81729ae9de95ad5a608",
      "Requirements": [
        "cli",
        "fansi",
        "glue",
        "lifecycle",
        "rlang",
        "utf8",
        "vctrs"
      ]
    },
    "pkgconfig": {
      "Package": "pkgconfig",
      "Version": "2.0.3",
      "Source": "Repository",
      "Repository": "CRAN",
      "Hash": "01f28d4278f15c76cddbea05899c5d6f",
      "Requirements": []
    },
    "plyr": {
      "Package": "plyr",
      "Version": "1.8.8",
      "Source": "Repository",
      "Repository": "CRAN",
      "Hash": "d744387aef9047b0b48be2933d78e862",
      "Requirements": [
        "Rcpp"
      ]
    },
    "png": {
      "Package": "png",
      "Version": "0.1-8",
      "Source": "Repository",
      "Repository": "CRAN",
      "Hash": "bd54ba8a0a5faded999a7aab6e46b374",
      "Requirements": []
    },
    "processx": {
      "Package": "processx",
      "Version": "3.8.0",
      "Source": "Repository",
      "Repository": "CRAN",
      "Hash": "a33ee2d9bf07564efb888ad98410da84",
      "Requirements": [
        "R6",
        "ps"
      ]
    },
    "proj4": {
      "Package": "proj4",
      "Version": "1.0-12",
      "Source": "Repository",
      "Repository": "CRAN",
      "Hash": "38d2a6c550f29221b59580077774cf26",
      "Requirements": []
    },
    "proxy": {
      "Package": "proxy",
      "Version": "0.4-27",
      "Source": "Repository",
      "Repository": "CRAN",
      "Hash": "e0ef355c12942cf7a6b91a6cfaea8b3e",
      "Requirements": []
    },
    "ps": {
      "Package": "ps",
      "Version": "1.7.2",
      "Source": "Repository",
      "Repository": "CRAN",
      "Hash": "68dd03d98a5efd1eb3012436de45ba83",
      "Requirements": []
    },
    "purrr": {
      "Package": "purrr",
      "Version": "1.0.1",
      "Source": "Repository",
      "Repository": "CRAN",
      "Hash": "d71c815267c640f17ddbf7f16144b4bb",
      "Requirements": [
        "cli",
        "lifecycle",
        "magrittr",
        "rlang",
        "vctrs"
      ]
    },
    "r5r": {
      "Package": "r5r",
      "Version": "1.0.0",
      "Source": "Repository",
      "Repository": "CRAN",
      "Hash": "7dbd9f5d9aaab6e486e65b553725b8cd",
      "Requirements": [
        "checkmate",
        "curl",
        "data.table",
        "httr",
        "jsonlite",
        "rJava",
        "sf",
        "sfheaders",
        "zip"
      ]
    },
    "rJava": {
      "Package": "rJava",
      "Version": "1.0-6",
      "Source": "Repository",
      "Repository": "CRAN",
      "Hash": "0415819f6baa75d86d52483f7292b623",
      "Requirements": []
    },
    "rapidjsonr": {
      "Package": "rapidjsonr",
      "Version": "1.2.0",
      "Source": "Repository",
      "Repository": "CRAN",
      "Hash": "88b9f48c93d17cdb811b54079a6a414f",
      "Requirements": []
    },
    "rappdirs": {
      "Package": "rappdirs",
      "Version": "0.3.3",
      "Source": "Repository",
      "Repository": "CRAN",
      "Hash": "5e3c5dc0b071b21fa128676560dbe94d",
      "Requirements": []
    },
    "renv": {
      "Package": "renv",
      "Version": "0.16.0",
      "Source": "Repository",
      "Repository": "CRAN",
      "Hash": "c9e8442ab69bc21c9697ecf856c1e6c7",
      "Requirements": []
    },
    "reproj": {
      "Package": "reproj",
      "Version": "0.4.3",
      "Source": "Repository",
      "Repository": "CRAN",
      "Hash": "35bffc8308f82594dcf28e374488d0cb",
      "Requirements": [
        "PROJ",
        "crsmeta",
        "proj4"
      ]
    },
    "reticulate": {
      "Package": "reticulate",
      "Version": "1.28",
      "Source": "Repository",
      "Repository": "CRAN",
      "Hash": "86c441bf33e1d608db773cb94b848458",
      "Requirements": [
        "Matrix",
        "Rcpp",
        "RcppTOML",
        "here",
        "jsonlite",
        "png",
        "rappdirs",
        "withr"
      ]
    },
    "rlang": {
      "Package": "rlang",
      "Version": "1.0.6",
      "Source": "Repository",
      "Repository": "CRAN",
      "Hash": "4ed1f8336c8d52c3e750adcdc57228a7",
      "Requirements": []
    },
    "rprojroot": {
      "Package": "rprojroot",
      "Version": "2.0.3",
      "Source": "Repository",
      "Repository": "CRAN",
      "Hash": "1de7ab598047a87bba48434ba35d497d",
      "Requirements": []
    },
    "rvest": {
      "Package": "rvest",
      "Version": "1.0.3",
      "Source": "Repository",
      "Repository": "CRAN",
      "Hash": "a4a5ac819a467808c60e36e92ddf195e",
      "Requirements": [
        "cli",
        "glue",
        "httr",
        "lifecycle",
        "magrittr",
        "rlang",
        "selectr",
        "tibble",
        "withr",
        "xml2"
      ]
    },
    "s2": {
      "Package": "s2",
      "Version": "1.1.2",
      "Source": "Repository",
      "Repository": "CRAN",
      "Hash": "5cca323babe990f99d5bc3402f64b905",
      "Requirements": [
        "Rcpp",
        "wk"
      ]
    },
    "scales": {
      "Package": "scales",
      "Version": "1.2.1",
      "Source": "Repository",
      "Repository": "CRAN",
      "Hash": "906cb23d2f1c5680b8ce439b44c6fa63",
      "Requirements": [
        "R6",
        "RColorBrewer",
        "farver",
        "labeling",
        "lifecycle",
        "munsell",
        "rlang",
        "viridisLite"
      ]
    },
    "selectr": {
      "Package": "selectr",
      "Version": "0.4-2",
      "Source": "Repository",
      "Repository": "CRAN",
      "Hash": "3838071b66e0c566d55cc26bd6e27bf4",
      "Requirements": [
        "R6",
        "stringr"
      ]
    },
    "sf": {
      "Package": "sf",
      "Version": "1.0-9",
      "Source": "Repository",
      "Repository": "CRAN",
      "Hash": "8a348490fefb623e7935f405230900a7",
      "Requirements": [
        "DBI",
        "Rcpp",
        "classInt",
        "magrittr",
        "s2",
        "units"
      ]
    },
    "sfheaders": {
      "Package": "sfheaders",
      "Version": "0.4.0",
      "Source": "Repository",
      "Repository": "CRAN",
      "Hash": "c1bd5fbd6bed3c16a20df15d9bc20c55",
      "Requirements": [
        "Rcpp",
        "geometries"
      ]
    },
    "sp": {
      "Package": "sp",
      "Version": "1.6-0",
      "Source": "Repository",
      "Repository": "CRAN",
      "Hash": "6674e075a078d9c3bde8ba800367347c",
      "Requirements": [
        "lattice"
      ]
    },
    "stringi": {
      "Package": "stringi",
      "Version": "1.7.12",
      "Source": "Repository",
      "Repository": "CRAN",
      "Hash": "ca8bd84263c77310739d2cf64d84d7c9",
      "Requirements": []
    },
    "stringr": {
      "Package": "stringr",
      "Version": "1.5.0",
      "Source": "Repository",
      "Repository": "CRAN",
      "Hash": "671a4d384ae9d32fc47a14e98bfa3dc8",
      "Requirements": [
        "cli",
        "glue",
        "lifecycle",
        "magrittr",
        "rlang",
        "stringi",
        "vctrs"
      ]
    },
    "sys": {
      "Package": "sys",
      "Version": "3.4.1",
      "Source": "Repository",
      "Repository": "CRAN",
      "Hash": "34c16f1ef796057bfa06d3f4ff818a5d",
      "Requirements": []
    },
    "targets": {
      "Package": "targets",
      "Version": "0.14.2",
      "Source": "Repository",
      "Repository": "CRAN",
      "Hash": "2d9503c7d701acccb205e5da6e9abacb",
      "Requirements": [
        "R6",
        "base64url",
        "callr",
        "cli",
        "codetools",
        "data.table",
        "digest",
        "igraph",
        "knitr",
        "rlang",
        "tibble",
        "tidyselect",
        "vctrs",
        "withr",
        "yaml"
      ]
    },
    "tibble": {
      "Package": "tibble",
      "Version": "3.1.8",
      "Source": "Repository",
      "Repository": "CRAN",
      "Hash": "56b6934ef0f8c68225949a8672fe1a8f",
      "Requirements": [
        "fansi",
        "lifecycle",
        "magrittr",
        "pillar",
        "pkgconfig",
        "rlang",
        "vctrs"
      ]
    },
    "tidyr": {
      "Package": "tidyr",
      "Version": "1.3.0",
      "Source": "Repository",
      "Repository": "CRAN",
      "Hash": "e47debdc7ce599b070c8e78e8ac0cfcf",
      "Requirements": [
        "cli",
        "cpp11",
        "dplyr",
        "glue",
        "lifecycle",
        "magrittr",
        "purrr",
        "rlang",
        "stringr",
        "tibble",
        "tidyselect",
        "vctrs"
      ]
    },
    "tidyselect": {
      "Package": "tidyselect",
      "Version": "1.2.0",
      "Source": "Repository",
      "Repository": "CRAN",
      "Hash": "79540e5fcd9e0435af547d885f184fd5",
      "Requirements": [
        "cli",
        "glue",
        "lifecycle",
        "rlang",
        "vctrs",
        "withr"
      ]
    },
    "timechange": {
      "Package": "timechange",
      "Version": "0.2.0",
      "Source": "Repository",
      "Repository": "CRAN",
      "Hash": "8548b44f79a35ba1791308b61e6012d7",
      "Requirements": [
        "cpp11"
      ]
    },
    "units": {
      "Package": "units",
      "Version": "0.8-1",
      "Source": "Repository",
      "Repository": "CRAN",
      "Hash": "81433967f9b34a120a4f5a5a016cd5ed",
      "Requirements": [
        "Rcpp"
      ]
    },
    "utf8": {
      "Package": "utf8",
      "Version": "1.2.2",
      "Source": "Repository",
      "Repository": "CRAN",
      "Hash": "c9c462b759a5cc844ae25b5942654d13",
      "Requirements": []
    },
    "vctrs": {
      "Package": "vctrs",
      "Version": "0.5.2",
      "Source": "Repository",
      "Repository": "CRAN",
      "Hash": "e4ffa94ceed5f124d429a5a5f0f5b378",
      "Requirements": [
        "cli",
        "glue",
        "lifecycle",
        "rlang"
      ]
    },
    "viridisLite": {
      "Package": "viridisLite",
      "Version": "0.4.1",
      "Source": "Repository",
      "Repository": "CRAN",
      "Hash": "62f4b5da3e08d8e5bcba6cac15603f70",
      "Requirements": []
    },
    "withr": {
      "Package": "withr",
      "Version": "2.5.0",
      "Source": "Repository",
      "Repository": "CRAN",
      "Hash": "c0e49a9760983e81e55cdd9be92e7182",
      "Requirements": []
    },
    "wk": {
      "Package": "wk",
      "Version": "0.7.1",
      "Source": "Repository",
      "Repository": "CRAN",
      "Hash": "141385279f2cd7faa6a3eccd8d1279dd",
      "Requirements": []
    },
    "xfun": {
      "Package": "xfun",
      "Version": "0.36",
      "Source": "Repository",
      "Repository": "CRAN",
      "Hash": "f5baec54606751aa53ac9c0e05848ed6",
      "Requirements": []
    },
    "xml2": {
      "Package": "xml2",
      "Version": "1.3.3",
      "Source": "Repository",
      "Repository": "CRAN",
      "Hash": "40682ed6a969ea5abfd351eb67833adc",
      "Requirements": []
    },
    "yaml": {
      "Package": "yaml",
      "Version": "2.3.7",
      "Source": "Repository",
      "Repository": "CRAN",
      "Hash": "0d0056cc5383fbc240ccd0cb584bf436",
      "Requirements": []
    },
    "zip": {
      "Package": "zip",
      "Version": "2.2.2",
      "Source": "Repository",
      "Repository": "CRAN",
      "Hash": "c42bfcec3fa6a0cce17ce1f8bc684f88",
      "Requirements": []
    }
  }
}
